{
  "name": "quickjs_wasm",
  "version": "1.0.0",
  "lockfileVersion": 3,
  "requires": true,
  "packages": {
    "": {
      "name": "quickjs_wasm",
      "version": "1.0.0",
      "license": "ISC",
      "dependencies": {
        "quickjs-wasi": "^3.6.0"
      }
    },
    "node_modules/quickjs-wasi": {
      "version": "3.6.0",
      "resolved": "https://registry.npmjs.org/quickjs-wasi/-/quickjs-wasi-3.6.0.tgz",
      "integrity": "sha512-/CNzMq42B8ThzUpzjLSF8K50ntVLV3RREyT8zr4wHaP2CZSHFhPkqg3E1GULmTerehf8Bo+UguQ+4LoOMCTC6A==",
      "license": "MIT"
    }
  }
}
