{
  "name": "php_wasm",
  "version": "1.0.0",
  "lockfileVersion": 3,
  "requires": true,
  "packages": {
    "": {
      "name": "php_wasm",
      "version": "1.0.0",
      "license": "ISC",
      "dependencies": {
        "php-wasm": "^0.1.0"
      }
    },
    "node_modules/php-wasm": {
      "version": "0.1.0",
      "resolved": "https://registry.npmjs.org/php-wasm/-/php-wasm-0.1.0.tgz",
      "integrity": "sha512-8mqAUqYugBMT6YR8RC/5K2juvm31zO+KPdWI1Aij6KqFroCoDYSq2tLWTuIpJKx6Nq8o6gnI2jq5yjo3tK62hw==",
      "license": "Apache-2.0"
    }
  }
}
